PODS:
  - Answers (1.1.0):
    - Fabric (~> 1.6.3)
  - CollapsibleTextView (0.0.1)
  - Crashlytics (3.6.0):
    - Fabric (~> 1.6.3)
  - Fabric (1.6.5)
  - GZIP (1.1.1)
  - MailingListParser (0.0.2)
  - MMMarkdown (0.5.1)
  - Realm (0.98.0):
    - Realm/Headers (= 0.98.0)
  - Realm/Headers (0.98.0)
  - RealmSwift (0.98.0):
    - Realm (= 0.98.0)
  - ReSwift (0.2.4)

DEPENDENCIES:
  - Answers
  - CollapsibleTextView (from `~/dev/ios/CollapsibleTextView`)
  - Crashlytics
  - Fabric
  - GZIP (~> 1.1.1)
  - MailingListParser (from `~/dev/ios/MailingListParser`)
  - MMMarkdown (~> 0.5.1)
  - RealmSwift (~> 0.98.0)
  - ReSwift

EXTERNAL SOURCES:
  CollapsibleTextView:
    :path: "~/dev/ios/CollapsibleTextView"
  MailingListParser:
    :path: "~/dev/ios/MailingListParser"

SPEC CHECKSUMS:
  Answers: f2aaf04d5a6dfc978c2e1d12835031472ab41beb
  CollapsibleTextView: c24f359d0ff7df5a88161fc27893fac03f3f1a8d
  Crashlytics: e4e8d02914f2608fbc7bf42b1a7af838b0db67a2
  Fabric: 338ffd3c2afcab120638907b4251189de9ad17b3
  GZIP: f8beb59597f651e6970a45b816508a9c6d700b77
  MailingListParser: d598b23ac6f133d4a9f5a2089c578a0fd4851b4f
  MMMarkdown: 06f7989e0350d10a7de50516af6c812402ce554b
  Realm: 28efc598b8b1b378d27a222d9fc037a29ae68642
  RealmSwift: 7ef4b9ee449d711cd5a7d69a3af1cc5cd0efb619
  ReSwift: ee04e4dfb7a1a14c88e3a57a64c24cae1ebf075b

COCOAPODS: 0.39.0
