PODS:
  - Realm (0.98.0):
    - Realm/Headers (= 0.98.0)
  - Realm/Headers (0.98.0)
  - RealmSwift (0.98.0):
    - Realm (= 0.98.0)
  - SimulatorStatusMagic (1.7)

DEPENDENCIES:
  - RealmSwift (~> 0.98.0)
  - SimulatorStatusMagic

SPEC CHECKSUMS:
  Realm: 28efc598b8b1b378d27a222d9fc037a29ae68642
  RealmSwift: 7ef4b9ee449d711cd5a7d69a3af1cc5cd0efb619
  SimulatorStatusMagic: 46c90a12f73abeda6d7c16876e1e0998b6ca5f4f

COCOAPODS: 0.39.0
