PODS:
  - CollapsibleTextView (0.0.1)
  - GZIP (1.1.1)
  - MailingListParser (0.0.2)
  - MMMarkdown (0.5.1)
  - Realm (0.98.0):
    - Realm/Headers (= 0.98.0)
  - Realm/Headers (0.98.0)
  - RealmSwift (0.98.0):
    - Realm (= 0.98.0)
  - ReSwift (0.2.4)

DEPENDENCIES:
  - CollapsibleTextView (from `./CollapsibleTextView`)
  - GZIP (~> 1.1.1)
  - MailingListParser (from `./MailingListParser`)
  - MMMarkdown (~> 0.5.1)
  - RealmSwift (~> 0.98.0)
  - ReSwift

EXTERNAL SOURCES:
  CollapsibleTextView:
    :path: "./CollapsibleTextView"
  MailingListParser:
    :path: "./MailingListParser"

SPEC CHECKSUMS:
  CollapsibleTextView: c24f359d0ff7df5a88161fc27893fac03f3f1a8d
  GZIP: f8beb59597f651e6970a45b816508a9c6d700b77
  MailingListParser: 7701c1bc02d32e521897273c4a12e12e1c5a04c3
  MMMarkdown: 06f7989e0350d10a7de50516af6c812402ce554b
  Realm: 28efc598b8b1b378d27a222d9fc037a29ae68642
  RealmSwift: 7ef4b9ee449d711cd5a7d69a3af1cc5cd0efb619
  ReSwift: ee04e4dfb7a1a14c88e3a57a64c24cae1ebf075b

COCOAPODS: 0.39.0
