// !$*UTF8*$!
{
	archiveVersion = 1;
	classes = {
	};
	objectVersion = 46;
	objects = {

/* Begin PBXBuildFile section */
		0E0B36E51C6E701900DF9995 /* Actions.swift in Sources */ = {isa = PBXBuildFile; fileRef = 0E0B36C81C6E701900DF9995 /* Actions.swift */; };
		0E0B36E61C6E701900DF9995 /* AppCoordinator.swift in Sources */ = {isa = PBXBuildFile; fileRef = 0E0B36C91C6E701900DF9995 /* AppCoordinator.swift */; };
		0E0B36E71C6E701900DF9995 /* AppDelegate.swift in Sources */ = {isa = PBXBuildFile; fileRef = 0E0B36CA1C6E701900DF9995 /* AppDelegate.swift */; };
		0E0B36E81C6E701900DF9995 /* AppReducer.swift in Sources */ = {isa = PBXBuildFile; fileRef = 0E0B36CB1C6E701900DF9995 /* AppReducer.swift */; };
		0E0B36E91C6E701900DF9995 /* AppState.swift in Sources */ = {isa = PBXBuildFile; fileRef = 0E0B36CC1C6E701900DF9995 /* AppState.swift */; };
		0E0B36EA1C6E701900DF9995 /* Assets.xcassets in Resources */ = {isa = PBXBuildFile; fileRef = 0E0B36CD1C6E701900DF9995 /* Assets.xcassets */; };
		0E0B36EB1C6E701900DF9995 /* LaunchScreen.storyboard in Resources */ = {isa = PBXBuildFile; fileRef = 0E0B36CE1C6E701900DF9995 /* LaunchScreen.storyboard */; };
		0E0B36ED1C6E701900DF9995 /* EmailCollapsibleTextViewDataSource.swift in Sources */ = {isa = PBXBuildFile; fileRef = 0E0B36D11C6E701900DF9995 /* EmailCollapsibleTextViewDataSource.swift */; };
		0E0B36EF1C6E701900DF9995 /* EmailTree.swift in Sources */ = {isa = PBXBuildFile; fileRef = 0E0B36D31C6E701900DF9995 /* EmailTree.swift */; };
		0E0B36F01C6E701900DF9995 /* FullEmailMessageTableViewCell.swift in Sources */ = {isa = PBXBuildFile; fileRef = 0E0B36D41C6E701900DF9995 /* FullEmailMessageTableViewCell.swift */; };
		0E0B36F11C6E701900DF9995 /* FullEmailMessageTableViewCell.xib in Resources */ = {isa = PBXBuildFile; fileRef = 0E0B36D51C6E701900DF9995 /* FullEmailMessageTableViewCell.xib */; };
		0E0B36F21C6E701900DF9995 /* Info.plist in Resources */ = {isa = PBXBuildFile; fileRef = 0E0B36D61C6E701900DF9995 /* Info.plist */; };
		0E0B36F31C6E701900DF9995 /* MailingList.swift in Sources */ = {isa = PBXBuildFile; fileRef = 0E0B36D71C6E701900DF9995 /* MailingList.swift */; };
		0E0B36F41C6E701900DF9995 /* MailingListViewController.swift in Sources */ = {isa = PBXBuildFile; fileRef = 0E0B36D81C6E701900DF9995 /* MailingListViewController.swift */; };
		0E0B36F51C6E701900DF9995 /* MailingListViewController.xib in Resources */ = {isa = PBXBuildFile; fileRef = 0E0B36D91C6E701900DF9995 /* MailingListViewController.xib */; };
		0E0B36F61C6E701900DF9995 /* Message-1 in Resources */ = {isa = PBXBuildFile; fileRef = 0E0B36DA1C6E701900DF9995 /* Message-1 */; };
		0E0B36F71C6E701900DF9995 /* Message-2 in Resources */ = {isa = PBXBuildFile; fileRef = 0E0B36DB1C6E701900DF9995 /* Message-2 */; };
		0E0B36F81C6E701900DF9995 /* MessagePreviewTableViewCell.swift in Sources */ = {isa = PBXBuildFile; fileRef = 0E0B36DC1C6E701900DF9995 /* MessagePreviewTableViewCell.swift */; };
		0E0B36F91C6E701900DF9995 /* MessagePreviewTableViewCell.xib in Resources */ = {isa = PBXBuildFile; fileRef = 0E0B36DD1C6E701900DF9995 /* MessagePreviewTableViewCell.xib */; };
		0E0B36FA1C6E701900DF9995 /* NoThreadsTableViewCell.swift in Sources */ = {isa = PBXBuildFile; fileRef = 0E0B36DE1C6E701900DF9995 /* NoThreadsTableViewCell.swift */; };
		0E0B36FB1C6E701900DF9995 /* NoThreadsTableViewCell.xib in Resources */ = {isa = PBXBuildFile; fileRef = 0E0B36DF1C6E701900DF9995 /* NoThreadsTableViewCell.xib */; };
		0E0B36FC1C6E701900DF9995 /* ThreadDetailViewController.swift in Sources */ = {isa = PBXBuildFile; fileRef = 0E0B36E11C6E701900DF9995 /* ThreadDetailViewController.swift */; };
		0E0B36FD1C6E701900DF9995 /* ThreadDetailViewController.xib in Resources */ = {isa = PBXBuildFile; fileRef = 0E0B36E21C6E701900DF9995 /* ThreadDetailViewController.xib */; };
		0E0B36FE1C6E701900DF9995 /* ThreadsViewController.swift in Sources */ = {isa = PBXBuildFile; fileRef = 0E0B36E31C6E701900DF9995 /* ThreadsViewController.swift */; };
		0E0B36FF1C6E701900DF9995 /* ThreadsViewController.xib in Resources */ = {isa = PBXBuildFile; fileRef = 0E0B36E41C6E701900DF9995 /* ThreadsViewController.xib */; };
		0E8975D31C77023A00ECFEA4 /* SnapshotHelper.swift in Sources */ = {isa = PBXBuildFile; fileRef = 0E8975D21C77023A00ECFEA4 /* SnapshotHelper.swift */; };
		0E8975E11C77BC2F00ECFEA4 /* EmailThreadService.swift in Sources */ = {isa = PBXBuildFile; fileRef = 0E8975E01C77BC2F00ECFEA4 /* EmailThreadService.swift */; };
		0E8975F31C77BC8900ECFEA4 /* EmailThreadServiceImplTest.swift in Sources */ = {isa = PBXBuildFile; fileRef = 0E8975F21C77BC8900ECFEA4 /* EmailThreadServiceImplTest.swift */; };
		0E8976031C7803AD00ECFEA4 /* Email.swift in Sources */ = {isa = PBXBuildFile; fileRef = 0E8976021C7803AD00ECFEA4 /* Email.swift */; };
		0E8976041C7803B500ECFEA4 /* EmailTest.swift in Sources */ = {isa = PBXBuildFile; fileRef = 0E8976001C78037D00ECFEA4 /* EmailTest.swift */; };
		0E8976071C7804F100ECFEA4 /* RootEmail.json in Resources */ = {isa = PBXBuildFile; fileRef = 0E8976051C7804D100ECFEA4 /* RootEmail.json */; };
		0E89760A1C781A5600ECFEA4 /* MemberEmail.json in Resources */ = {isa = PBXBuildFile; fileRef = 0E8976081C7817DB00ECFEA4 /* MemberEmail.json */; };
		0E89760C1C781F7900ECFEA4 /* PreexistingEmail1.json in Resources */ = {isa = PBXBuildFile; fileRef = 0E89760B1C781F7900ECFEA4 /* PreexistingEmail1.json */; };
		0E89760E1C781F8F00ECFEA4 /* PreexistingEmail2.json in Resources */ = {isa = PBXBuildFile; fileRef = 0E89760D1C781F8F00ECFEA4 /* PreexistingEmail2.json */; };
		0E8976121C781FB700ECFEA4 /* PreexistingEmail4.json in Resources */ = {isa = PBXBuildFile; fileRef = 0E8976111C781FB700ECFEA4 /* PreexistingEmail4.json */; };
		0E8976131C78208200ECFEA4 /* PreexistingEmail3.json in Resources */ = {isa = PBXBuildFile; fileRef = 0E89760F1C781FA300ECFEA4 /* PreexistingEmail3.json */; };
		0E89761B1C78FE2B00ECFEA4 /* EmailThreadRequest.swift in Sources */ = {isa = PBXBuildFile; fileRef = 0E89761A1C78FE2B00ECFEA4 /* EmailThreadRequest.swift */; };
		0E8976211C78FE8600ECFEA4 /* Credentials.plist in Resources */ = {isa = PBXBuildFile; fileRef = 0E89761D1C78FE8600ECFEA4 /* Credentials.plist */; };
		0E8976221C78FE8600ECFEA4 /* EmailThreadNetworkDataSourceImpl.swift in Sources */ = {isa = PBXBuildFile; fileRef = 0E89761E1C78FE8600ECFEA4 /* EmailThreadNetworkDataSourceImpl.swift */; };
		0E8976261C78FEB500ECFEA4 /* EmailThreadServiceDataSources.swift in Sources */ = {isa = PBXBuildFile; fileRef = 0E8976251C78FEB500ECFEA4 /* EmailThreadServiceDataSources.swift */; };
		0E8976271C78FEC600ECFEA4 /* EmailThreadNetworkDataSourceImplTest.swift in Sources */ = {isa = PBXBuildFile; fileRef = 0E89761F1C78FE8600ECFEA4 /* EmailThreadNetworkDataSourceImplTest.swift */; };
		0E89762A1C79012A00ECFEA4 /* Either.swift in Sources */ = {isa = PBXBuildFile; fileRef = 0E8976291C79012A00ECFEA4 /* Either.swift */; };
		0E89762C1C790DDD00ECFEA4 /* EmailThreadRequestBuilder.swift in Sources */ = {isa = PBXBuildFile; fileRef = 0E89762B1C790DDD00ECFEA4 /* EmailThreadRequestBuilder.swift */; };
		0E89762E1C790E0D00ECFEA4 /* EmailThreadRequestBuilderTest.swift in Sources */ = {isa = PBXBuildFile; fileRef = 0E89762D1C790E0D00ECFEA4 /* EmailThreadRequestBuilderTest.swift */; };
		0E89762F1C79146700ECFEA4 /* EmailThreadResponse.json in Resources */ = {isa = PBXBuildFile; fileRef = 0E8976201C78FE8600ECFEA4 /* EmailThreadResponse.json */; };
		0E8976321C791AEE00ECFEA4 /* EmailInvalid.json in Resources */ = {isa = PBXBuildFile; fileRef = 0E8976301C79198E00ECFEA4 /* EmailInvalid.json */; };
		0E8976351C791B8B00ECFEA4 /* EmailValidButPartial.json in Resources */ = {isa = PBXBuildFile; fileRef = 0E8976331C791B8600ECFEA4 /* EmailValidButPartial.json */; };
		512BA184CC3097284807FFB3 /* Pods_Charter.framework in Frameworks */ = {isa = PBXBuildFile; fileRef = 9201E5405C60241E066FA77C /* Pods_Charter.framework */; };
/* End PBXBuildFile section */

/* Begin PBXContainerItemProxy section */
		0E8975ED1C77BC5900ECFEA4 /* PBXContainerItemProxy */ = {
			isa = PBXContainerItemProxy;
			containerPortal = 0E8B96001C5B1873009F3025 /* Project object */;
			proxyType = 1;
			remoteGlobalIDString = 0E8B96071C5B1873009F3025;
			remoteInfo = Charter;
		};
		0EE8230A1C674BE8005070AC /* PBXContainerItemProxy */ = {
			isa = PBXContainerItemProxy;
			containerPortal = 0E8B96001C5B1873009F3025 /* Project object */;
			proxyType = 1;
			remoteGlobalIDString = 0E8B96071C5B1873009F3025;
			remoteInfo = Charter;
		};
/* End PBXContainerItemProxy section */

/* Begin PBXFileReference section */
		04791EF6784CA91D405E69D8 /* Pods-Charter.release.xcconfig */ = {isa = PBXFileReference; includeInIndex = 1; lastKnownFileType = text.xcconfig; name = "Pods-Charter.release.xcconfig"; path = "Pods/Target Support Files/Pods-Charter/Pods-Charter.release.xcconfig"; sourceTree = "<group>"; };
		0E0B36C81C6E701900DF9995 /* Actions.swift */ = {isa = PBXFileReference; fileEncoding = 4; lastKnownFileType = sourcecode.swift; path = Actions.swift; sourceTree = "<group>"; };
		0E0B36C91C6E701900DF9995 /* AppCoordinator.swift */ = {isa = PBXFileReference; fileEncoding = 4; lastKnownFileType = sourcecode.swift; path = AppCoordinator.swift; sourceTree = "<group>"; };
		0E0B36CA1C6E701900DF9995 /* AppDelegate.swift */ = {isa = PBXFileReference; fileEncoding = 4; lastKnownFileType = sourcecode.swift; path = AppDelegate.swift; sourceTree = "<group>"; };
		0E0B36CB1C6E701900DF9995 /* AppReducer.swift */ = {isa = PBXFileReference; fileEncoding = 4; lastKnownFileType = sourcecode.swift; path = AppReducer.swift; sourceTree = "<group>"; };
		0E0B36CC1C6E701900DF9995 /* AppState.swift */ = {isa = PBXFileReference; fileEncoding = 4; lastKnownFileType = sourcecode.swift; path = AppState.swift; sourceTree = "<group>"; };
		0E0B36CD1C6E701900DF9995 /* Assets.xcassets */ = {isa = PBXFileReference; lastKnownFileType = folder.assetcatalog; path = Assets.xcassets; sourceTree = "<group>"; };
		0E0B36CF1C6E701900DF9995 /* Base */ = {isa = PBXFileReference; lastKnownFileType = file.storyboard; name = Base; path = Base.lproj/LaunchScreen.storyboard; sourceTree = "<group>"; };
		0E0B36D11C6E701900DF9995 /* EmailCollapsibleTextViewDataSource.swift */ = {isa = PBXFileReference; fileEncoding = 4; lastKnownFileType = sourcecode.swift; path = EmailCollapsibleTextViewDataSource.swift; sourceTree = "<group>"; };
		0E0B36D31C6E701900DF9995 /* EmailTree.swift */ = {isa = PBXFileReference; fileEncoding = 4; lastKnownFileType = sourcecode.swift; path = EmailTree.swift; sourceTree = "<group>"; };
		0E0B36D41C6E701900DF9995 /* FullEmailMessageTableViewCell.swift */ = {isa = PBXFileReference; fileEncoding = 4; lastKnownFileType = sourcecode.swift; path = FullEmailMessageTableViewCell.swift; sourceTree = "<group>"; };
		0E0B36D51C6E701900DF9995 /* FullEmailMessageTableViewCell.xib */ = {isa = PBXFileReference; fileEncoding = 4; lastKnownFileType = file.xib; path = FullEmailMessageTableViewCell.xib; sourceTree = "<group>"; };
		0E0B36D61C6E701900DF9995 /* Info.plist */ = {isa = PBXFileReference; fileEncoding = 4; lastKnownFileType = text.plist.xml; path = Info.plist; sourceTree = "<group>"; };
		0E0B36D71C6E701900DF9995 /* MailingList.swift */ = {isa = PBXFileReference; fileEncoding = 4; lastKnownFileType = sourcecode.swift; path = MailingList.swift; sourceTree = "<group>"; };
		0E0B36D81C6E701900DF9995 /* MailingListViewController.swift */ = {isa = PBXFileReference; fileEncoding = 4; lastKnownFileType = sourcecode.swift; path = MailingListViewController.swift; sourceTree = "<group>"; };
		0E0B36D91C6E701900DF9995 /* MailingListViewController.xib */ = {isa = PBXFileReference; fileEncoding = 4; lastKnownFileType = file.xib; path = MailingListViewController.xib; sourceTree = "<group>"; };
		0E0B36DA1C6E701900DF9995 /* Message-1 */ = {isa = PBXFileReference; fileEncoding = 4; lastKnownFileType = text; path = "Message-1"; sourceTree = "<group>"; };
		0E0B36DB1C6E701900DF9995 /* Message-2 */ = {isa = PBXFileReference; fileEncoding = 4; lastKnownFileType = text; path = "Message-2"; sourceTree = "<group>"; };
		0E0B36DC1C6E701900DF9995 /* MessagePreviewTableViewCell.swift */ = {isa = PBXFileReference; fileEncoding = 4; lastKnownFileType = sourcecode.swift; path = MessagePreviewTableViewCell.swift; sourceTree = "<group>"; };
		0E0B36DD1C6E701900DF9995 /* MessagePreviewTableViewCell.xib */ = {isa = PBXFileReference; fileEncoding = 4; lastKnownFileType = file.xib; path = MessagePreviewTableViewCell.xib; sourceTree = "<group>"; };
		0E0B36DE1C6E701900DF9995 /* NoThreadsTableViewCell.swift */ = {isa = PBXFileReference; fileEncoding = 4; lastKnownFileType = sourcecode.swift; path = NoThreadsTableViewCell.swift; sourceTree = "<group>"; };
		0E0B36DF1C6E701900DF9995 /* NoThreadsTableViewCell.xib */ = {isa = PBXFileReference; fileEncoding = 4; lastKnownFileType = file.xib; path = NoThreadsTableViewCell.xib; sourceTree = "<group>"; };
		0E0B36E01C6E701900DF9995 /* SML-Bridging-Header.h */ = {isa = PBXFileReference; fileEncoding = 4; lastKnownFileType = sourcecode.c.h; path = "SML-Bridging-Header.h"; sourceTree = "<group>"; };
		0E0B36E11C6E701900DF9995 /* ThreadDetailViewController.swift */ = {isa = PBXFileReference; fileEncoding = 4; lastKnownFileType = sourcecode.swift; path = ThreadDetailViewController.swift; sourceTree = "<group>"; };
		0E0B36E21C6E701900DF9995 /* ThreadDetailViewController.xib */ = {isa = PBXFileReference; fileEncoding = 4; lastKnownFileType = file.xib; path = ThreadDetailViewController.xib; sourceTree = "<group>"; };
		0E0B36E31C6E701900DF9995 /* ThreadsViewController.swift */ = {isa = PBXFileReference; fileEncoding = 4; lastKnownFileType = sourcecode.swift; path = ThreadsViewController.swift; sourceTree = "<group>"; };
		0E0B36E41C6E701900DF9995 /* ThreadsViewController.xib */ = {isa = PBXFileReference; fileEncoding = 4; lastKnownFileType = file.xib; path = ThreadsViewController.xib; sourceTree = "<group>"; };
		0E8975D21C77023A00ECFEA4 /* SnapshotHelper.swift */ = {isa = PBXFileReference; fileEncoding = 4; lastKnownFileType = sourcecode.swift; name = SnapshotHelper.swift; path = Snapshot/SnapshotHelper.swift; sourceTree = SOURCE_ROOT; };
		0E8975E01C77BC2F00ECFEA4 /* EmailThreadService.swift */ = {isa = PBXFileReference; fileEncoding = 4; lastKnownFileType = sourcecode.swift; name = EmailThreadService.swift; path = Services/EmailThreadService.swift; sourceTree = "<group>"; };
		0E8975E81C77BC5900ECFEA4 /* CharterTests.xctest */ = {isa = PBXFileReference; explicitFileType = wrapper.cfbundle; includeInIndex = 0; path = CharterTests.xctest; sourceTree = BUILT_PRODUCTS_DIR; };
		0E8975EC1C77BC5900ECFEA4 /* Info.plist */ = {isa = PBXFileReference; lastKnownFileType = text.plist.xml; path = Info.plist; sourceTree = "<group>"; };
		0E8975F21C77BC8900ECFEA4 /* EmailThreadServiceImplTest.swift */ = {isa = PBXFileReference; fileEncoding = 4; lastKnownFileType = sourcecode.swift; name = EmailThreadServiceImplTest.swift; path = Services/EmailThreadServiceImplTest.swift; sourceTree = "<group>"; };
		0E8976001C78037D00ECFEA4 /* EmailTest.swift */ = {isa = PBXFileReference; fileEncoding = 4; lastKnownFileType = sourcecode.swift; name = EmailTest.swift; path = Models/EmailTest.swift; sourceTree = "<group>"; };
		0E8976021C7803AD00ECFEA4 /* Email.swift */ = {isa = PBXFileReference; fileEncoding = 4; lastKnownFileType = sourcecode.swift; name = Email.swift; path = Models/Email.swift; sourceTree = "<group>"; };
		0E8976051C7804D100ECFEA4 /* RootEmail.json */ = {isa = PBXFileReference; fileEncoding = 4; lastKnownFileType = text.json; name = RootEmail.json; path = Models/RootEmail.json; sourceTree = "<group>"; };
		0E8976081C7817DB00ECFEA4 /* MemberEmail.json */ = {isa = PBXFileReference; fileEncoding = 4; lastKnownFileType = text.json; name = MemberEmail.json; path = Models/MemberEmail.json; sourceTree = "<group>"; };
		0E89760B1C781F7900ECFEA4 /* PreexistingEmail1.json */ = {isa = PBXFileReference; fileEncoding = 4; lastKnownFileType = text.json; name = PreexistingEmail1.json; path = Models/PreexistingEmail1.json; sourceTree = "<group>"; };
		0E89760D1C781F8F00ECFEA4 /* PreexistingEmail2.json */ = {isa = PBXFileReference; fileEncoding = 4; lastKnownFileType = text.json; name = PreexistingEmail2.json; path = Models/PreexistingEmail2.json; sourceTree = "<group>"; };
		0E89760F1C781FA300ECFEA4 /* PreexistingEmail3.json */ = {isa = PBXFileReference; fileEncoding = 4; lastKnownFileType = text.json; name = PreexistingEmail3.json; path = Models/PreexistingEmail3.json; sourceTree = "<group>"; };
		0E8976111C781FB700ECFEA4 /* PreexistingEmail4.json */ = {isa = PBXFileReference; fileEncoding = 4; lastKnownFileType = text.json; name = PreexistingEmail4.json; path = Models/PreexistingEmail4.json; sourceTree = "<group>"; };
		0E89761A1C78FE2B00ECFEA4 /* EmailThreadRequest.swift */ = {isa = PBXFileReference; fileEncoding = 4; lastKnownFileType = sourcecode.swift; name = EmailThreadRequest.swift; path = "Data Sources/EmailThreadRequest.swift"; sourceTree = "<group>"; };
		0E89761D1C78FE8600ECFEA4 /* Credentials.plist */ = {isa = PBXFileReference; fileEncoding = 4; lastKnownFileType = text.plist.xml; path = Credentials.plist; sourceTree = "<group>"; };
		0E89761E1C78FE8600ECFEA4 /* EmailThreadNetworkDataSourceImpl.swift */ = {isa = PBXFileReference; fileEncoding = 4; lastKnownFileType = sourcecode.swift; path = EmailThreadNetworkDataSourceImpl.swift; sourceTree = "<group>"; };
		0E89761F1C78FE8600ECFEA4 /* EmailThreadNetworkDataSourceImplTest.swift */ = {isa = PBXFileReference; fileEncoding = 4; lastKnownFileType = sourcecode.swift; path = EmailThreadNetworkDataSourceImplTest.swift; sourceTree = "<group>"; };
		0E8976201C78FE8600ECFEA4 /* EmailThreadResponse.json */ = {isa = PBXFileReference; fileEncoding = 4; lastKnownFileType = text.json; path = EmailThreadResponse.json; sourceTree = "<group>"; };
		0E8976251C78FEB500ECFEA4 /* EmailThreadServiceDataSources.swift */ = {isa = PBXFileReference; fileEncoding = 4; lastKnownFileType = sourcecode.swift; name = EmailThreadServiceDataSources.swift; path = "Data Sources/EmailThreadServiceDataSources.swift"; sourceTree = "<group>"; };
		0E8976291C79012A00ECFEA4 /* Either.swift */ = {isa = PBXFileReference; fileEncoding = 4; lastKnownFileType = sourcecode.swift; name = Either.swift; path = "Utility types/Either.swift"; sourceTree = "<group>"; };
		0E89762B1C790DDD00ECFEA4 /* EmailThreadRequestBuilder.swift */ = {isa = PBXFileReference; fileEncoding = 4; lastKnownFileType = sourcecode.swift; name = EmailThreadRequestBuilder.swift; path = "Data Sources/EmailThreadRequestBuilder.swift"; sourceTree = "<group>"; };
		0E89762D1C790E0D00ECFEA4 /* EmailThreadRequestBuilderTest.swift */ = {isa = PBXFileReference; fileEncoding = 4; lastKnownFileType = sourcecode.swift; name = EmailThreadRequestBuilderTest.swift; path = "Data Sources/EmailThreadRequestBuilderTest.swift"; sourceTree = "<group>"; };
		0E8976301C79198E00ECFEA4 /* EmailInvalid.json */ = {isa = PBXFileReference; fileEncoding = 4; lastKnownFileType = text.json; name = EmailInvalid.json; path = Models/EmailInvalid.json; sourceTree = "<group>"; };
		0E8976331C791B8600ECFEA4 /* EmailValidButPartial.json */ = {isa = PBXFileReference; fileEncoding = 4; lastKnownFileType = text.json; name = EmailValidButPartial.json; path = Models/EmailValidButPartial.json; sourceTree = "<group>"; };
		0E8B96081C5B1873009F3025 /* Charter.app */ = {isa = PBXFileReference; explicitFileType = wrapper.application; includeInIndex = 0; path = Charter.app; sourceTree = BUILT_PRODUCTS_DIR; };
		0EE823051C674BE8005070AC /* CharterUITests.xctest */ = {isa = PBXFileReference; explicitFileType = wrapper.cfbundle; includeInIndex = 0; path = CharterUITests.xctest; sourceTree = BUILT_PRODUCTS_DIR; };
		0EE823091C674BE8005070AC /* Info.plist */ = {isa = PBXFileReference; lastKnownFileType = text.plist.xml; path = Info.plist; sourceTree = "<group>"; };
		1528DD33AA4E86705B2BDE04 /* Pods-Swift Mailing List.debug.xcconfig */ = {isa = PBXFileReference; includeInIndex = 1; lastKnownFileType = text.xcconfig; name = "Pods-Swift Mailing List.debug.xcconfig"; path = "Pods/Target Support Files/Pods-Swift Mailing List/Pods-Swift Mailing List.debug.xcconfig"; sourceTree = "<group>"; };
		1D429F569C69C6E0148D0A7C /* Pods-Charter.debug.xcconfig */ = {isa = PBXFileReference; includeInIndex = 1; lastKnownFileType = text.xcconfig; name = "Pods-Charter.debug.xcconfig"; path = "Pods/Target Support Files/Pods-Charter/Pods-Charter.debug.xcconfig"; sourceTree = "<group>"; };
		48BD330A86F6C6BA34A7FD2F /* Pods-Swift Mailing List.release.xcconfig */ = {isa = PBXFileReference; includeInIndex = 1; lastKnownFileType = text.xcconfig; name = "Pods-Swift Mailing List.release.xcconfig"; path = "Pods/Target Support Files/Pods-Swift Mailing List/Pods-Swift Mailing List.release.xcconfig"; sourceTree = "<group>"; };
		7DA2AC83B4D785149E529AB6 /* Pods_Swift_Mailing_List.framework */ = {isa = PBXFileReference; explicitFileType = wrapper.framework; includeInIndex = 0; path = Pods_Swift_Mailing_List.framework; sourceTree = BUILT_PRODUCTS_DIR; };
		9201E5405C60241E066FA77C /* Pods_Charter.framework */ = {isa = PBXFileReference; explicitFileType = wrapper.framework; includeInIndex = 0; path = Pods_Charter.framework; sourceTree = BUILT_PRODUCTS_DIR; };
/* End PBXFileReference section */

/* Begin PBXFrameworksBuildPhase section */
		0E8975E51C77BC5900ECFEA4 /* Frameworks */ = {
			isa = PBXFrameworksBuildPhase;
			buildActionMask = 2147483647;
			files = (
			);
			runOnlyForDeploymentPostprocessing = 0;
		};
		0E8B96051C5B1873009F3025 /* Frameworks */ = {
			isa = PBXFrameworksBuildPhase;
			buildActionMask = 2147483647;
			files = (
				512BA184CC3097284807FFB3 /* Pods_Charter.framework in Frameworks */,
			);
			runOnlyForDeploymentPostprocessing = 0;
		};
		0EE823021C674BE8005070AC /* Frameworks */ = {
			isa = PBXFrameworksBuildPhase;
			buildActionMask = 2147483647;
			files = (
			);
			runOnlyForDeploymentPostprocessing = 0;
		};
/* End PBXFrameworksBuildPhase section */

/* Begin PBXGroup section */
		0E0B36C71C6E701900DF9995 /* Charter */ = {
			isa = PBXGroup;
			children = (
				0E8975DD1C77BBDE00ECFEA4 /* Services */,
				0E8976151C78368300ECFEA4 /* Data Sources */,
				0E8975FF1C78036000ECFEA4 /* Models */,
				0E0B36C81C6E701900DF9995 /* Actions.swift */,
				0E8976281C79010D00ECFEA4 /* Utility types */,
				0E0B36C91C6E701900DF9995 /* AppCoordinator.swift */,
				0E0B36CA1C6E701900DF9995 /* AppDelegate.swift */,
				0E0B36CB1C6E701900DF9995 /* AppReducer.swift */,
				0E0B36CC1C6E701900DF9995 /* AppState.swift */,
				0E0B36CD1C6E701900DF9995 /* Assets.xcassets */,
				0E0B36CE1C6E701900DF9995 /* LaunchScreen.storyboard */,
				0E0B36D11C6E701900DF9995 /* EmailCollapsibleTextViewDataSource.swift */,
				0E0B36D31C6E701900DF9995 /* EmailTree.swift */,
				0E0B36D41C6E701900DF9995 /* FullEmailMessageTableViewCell.swift */,
				0E0B36D51C6E701900DF9995 /* FullEmailMessageTableViewCell.xib */,
				0E0B36D61C6E701900DF9995 /* Info.plist */,
				0E0B36D71C6E701900DF9995 /* MailingList.swift */,
				0E0B36D81C6E701900DF9995 /* MailingListViewController.swift */,
				0E0B36D91C6E701900DF9995 /* MailingListViewController.xib */,
				0E0B36DA1C6E701900DF9995 /* Message-1 */,
				0E0B36DB1C6E701900DF9995 /* Message-2 */,
				0E0B36DC1C6E701900DF9995 /* MessagePreviewTableViewCell.swift */,
				0E0B36DD1C6E701900DF9995 /* MessagePreviewTableViewCell.xib */,
				0E0B36DE1C6E701900DF9995 /* NoThreadsTableViewCell.swift */,
				0E0B36DF1C6E701900DF9995 /* NoThreadsTableViewCell.xib */,
				0E0B36E01C6E701900DF9995 /* SML-Bridging-Header.h */,
				0E0B36E11C6E701900DF9995 /* ThreadDetailViewController.swift */,
				0E0B36E21C6E701900DF9995 /* ThreadDetailViewController.xib */,
				0E0B36E31C6E701900DF9995 /* ThreadsViewController.swift */,
				0E0B36E41C6E701900DF9995 /* ThreadsViewController.xib */,
			);
			path = Charter;
			sourceTree = "<group>";
		};
		0E8975DD1C77BBDE00ECFEA4 /* Services */ = {
			isa = PBXGroup;
			children = (
				0E8975E01C77BC2F00ECFEA4 /* EmailThreadService.swift */,
				0E8975F21C77BC8900ECFEA4 /* EmailThreadServiceImplTest.swift */,
			);
			name = Services;
			sourceTree = "<group>";
		};
		0E8975E91C77BC5900ECFEA4 /* CharterTests */ = {
			isa = PBXGroup;
			children = (
				0E8975EC1C77BC5900ECFEA4 /* Info.plist */,
			);
			path = CharterTests;
			sourceTree = "<group>";
		};
		0E8975FF1C78036000ECFEA4 /* Models */ = {
			isa = PBXGroup;
			children = (
				0E8976021C7803AD00ECFEA4 /* Email.swift */,
				0E8976001C78037D00ECFEA4 /* EmailTest.swift */,
				0E8976141C782D2200ECFEA4 /* JSON */,
			);
			name = Models;
			sourceTree = "<group>";
		};
		0E8976141C782D2200ECFEA4 /* JSON */ = {
			isa = PBXGroup;
			children = (
				0E8976051C7804D100ECFEA4 /* RootEmail.json */,
				0E8976081C7817DB00ECFEA4 /* MemberEmail.json */,
				0E89760B1C781F7900ECFEA4 /* PreexistingEmail1.json */,
				0E89760D1C781F8F00ECFEA4 /* PreexistingEmail2.json */,
				0E89760F1C781FA300ECFEA4 /* PreexistingEmail3.json */,
				0E8976111C781FB700ECFEA4 /* PreexistingEmail4.json */,
				0E8976301C79198E00ECFEA4 /* EmailInvalid.json */,
				0E8976331C791B8600ECFEA4 /* EmailValidButPartial.json */,
			);
			name = JSON;
			sourceTree = "<group>";
		};
		0E8976151C78368300ECFEA4 /* Data Sources */ = {
			isa = PBXGroup;
			children = (
				0E8976251C78FEB500ECFEA4 /* EmailThreadServiceDataSources.swift */,
				0E89761A1C78FE2B00ECFEA4 /* EmailThreadRequest.swift */,
				0E89762B1C790DDD00ECFEA4 /* EmailThreadRequestBuilder.swift */,
				0E89762D1C790E0D00ECFEA4 /* EmailThreadRequestBuilderTest.swift */,
				0E89761C1C78FE8600ECFEA4 /* Networking */,
			);
			name = "Data Sources";
			sourceTree = "<group>";
		};
		0E89761C1C78FE8600ECFEA4 /* Networking */ = {
			isa = PBXGroup;
			children = (
				0E89761D1C78FE8600ECFEA4 /* Credentials.plist */,
				0E89761E1C78FE8600ECFEA4 /* EmailThreadNetworkDataSourceImpl.swift */,
				0E89761F1C78FE8600ECFEA4 /* EmailThreadNetworkDataSourceImplTest.swift */,
				0E8976201C78FE8600ECFEA4 /* EmailThreadResponse.json */,
			);
			name = Networking;
			path = "Data Sources/Networking";
			sourceTree = "<group>";
		};
		0E8976281C79010D00ECFEA4 /* Utility types */ = {
			isa = PBXGroup;
			children = (
				0E8976291C79012A00ECFEA4 /* Either.swift */,
			);
			name = "Utility types";
			sourceTree = "<group>";
		};
		0E8B95FF1C5B1873009F3025 = {
			isa = PBXGroup;
			children = (
				0E0B36C71C6E701900DF9995 /* Charter */,
				0EE823061C674BE8005070AC /* CharterUITests */,
				0E8975E91C77BC5900ECFEA4 /* CharterTests */,
				0E8B96091C5B1873009F3025 /* Products */,
				4164DBA32992E8297D1B3199 /* Pods */,
				8943F1175D24D1ABD84D60D5 /* Frameworks */,
			);
			sourceTree = "<group>";
		};
		0E8B96091C5B1873009F3025 /* Products */ = {
			isa = PBXGroup;
			children = (
				0E8B96081C5B1873009F3025 /* Charter.app */,
				0EE823051C674BE8005070AC /* CharterUITests.xctest */,
				0E8975E81C77BC5900ECFEA4 /* CharterTests.xctest */,
			);
			name = Products;
			sourceTree = "<group>";
		};
		0EE823061C674BE8005070AC /* CharterUITests */ = {
			isa = PBXGroup;
			children = (
				0E8975D21C77023A00ECFEA4 /* SnapshotHelper.swift */,
				0EE823091C674BE8005070AC /* Info.plist */,
			);
			path = CharterUITests;
			sourceTree = "<group>";
		};
		4164DBA32992E8297D1B3199 /* Pods */ = {
			isa = PBXGroup;
			children = (
				1528DD33AA4E86705B2BDE04 /* Pods-Swift Mailing List.debug.xcconfig */,
				48BD330A86F6C6BA34A7FD2F /* Pods-Swift Mailing List.release.xcconfig */,
				1D429F569C69C6E0148D0A7C /* Pods-Charter.debug.xcconfig */,
				04791EF6784CA91D405E69D8 /* Pods-Charter.release.xcconfig */,
			);
			name = Pods;
			sourceTree = "<group>";
		};
		8943F1175D24D1ABD84D60D5 /* Frameworks */ = {
			isa = PBXGroup;
			children = (
				7DA2AC83B4D785149E529AB6 /* Pods_Swift_Mailing_List.framework */,
				9201E5405C60241E066FA77C /* Pods_Charter.framework */,
			);
			name = Frameworks;
			sourceTree = "<group>";
		};
/* End PBXGroup section */

/* Begin PBXNativeTarget section */
		0E8975E71C77BC5900ECFEA4 /* CharterTests */ = {
			isa = PBXNativeTarget;
			buildConfigurationList = 0E8975EF1C77BC5900ECFEA4 /* Build configuration list for PBXNativeTarget "CharterTests" */;
			buildPhases = (
				0E8975E41C77BC5900ECFEA4 /* Sources */,
				0E8975E51C77BC5900ECFEA4 /* Frameworks */,
				0E8975E61C77BC5900ECFEA4 /* Resources */,
			);
			buildRules = (
			);
			dependencies = (
				0E8975EE1C77BC5900ECFEA4 /* PBXTargetDependency */,
			);
			name = CharterTests;
			productName = CharterTests;
			productReference = 0E8975E81C77BC5900ECFEA4 /* CharterTests.xctest */;
			productType = "com.apple.product-type.bundle.unit-test";
		};
		0E8B96071C5B1873009F3025 /* Charter */ = {
			isa = PBXNativeTarget;
			buildConfigurationList = 0E8B961A1C5B1873009F3025 /* Build configuration list for PBXNativeTarget "Charter" */;
			buildPhases = (
				A1C2CB1A709F215E604B0954 /* Check Pods Manifest.lock */,
				0E8B96041C5B1873009F3025 /* Sources */,
				0E8B96051C5B1873009F3025 /* Frameworks */,
				0E8B96061C5B1873009F3025 /* Resources */,
				8E2012A48AD0AF84D8B62274 /* Embed Pods Frameworks */,
				BADA125D0CB29D27F53F6B88 /* Copy Pods Resources */,
			);
			buildRules = (
			);
			dependencies = (
			);
			name = Charter;
			productName = "Swift Mailing List";
			productReference = 0E8B96081C5B1873009F3025 /* Charter.app */;
			productType = "com.apple.product-type.application";
		};
		0EE823041C674BE8005070AC /* CharterUITests */ = {
			isa = PBXNativeTarget;
			buildConfigurationList = 0EE8230C1C674BE8005070AC /* Build configuration list for PBXNativeTarget "CharterUITests" */;
			buildPhases = (
				0EE823011C674BE8005070AC /* Sources */,
				0EE823021C674BE8005070AC /* Frameworks */,
				0EE823031C674BE8005070AC /* Resources */,
			);
			buildRules = (
			);
			dependencies = (
				0EE8230B1C674BE8005070AC /* PBXTargetDependency */,
			);
			name = CharterUITests;
			productName = CharterUITests;
			productReference = 0EE823051C674BE8005070AC /* CharterUITests.xctest */;
			productType = "com.apple.product-type.bundle.ui-testing";
		};
/* End PBXNativeTarget section */

/* Begin PBXProject section */
		0E8B96001C5B1873009F3025 /* Project object */ = {
			isa = PBXProject;
			attributes = {
				LastSwiftUpdateCheck = 0720;
				LastUpgradeCheck = 0720;
				ORGANIZATIONNAME = "Matthew Palmer";
				TargetAttributes = {
					0E8975E71C77BC5900ECFEA4 = {
						CreatedOnToolsVersion = 7.2;
						TestTargetID = 0E8B96071C5B1873009F3025;
					};
					0E8B96071C5B1873009F3025 = {
						CreatedOnToolsVersion = 7.2;
						DevelopmentTeam = Z4JV2M65MH;
					};
					0EE823041C674BE8005070AC = {
						CreatedOnToolsVersion = 7.2;
						TestTargetID = 0E8B96071C5B1873009F3025;
					};
				};
			};
			buildConfigurationList = 0E8B96031C5B1873009F3025 /* Build configuration list for PBXProject "Charter" */;
			compatibilityVersion = "Xcode 3.2";
			developmentRegion = English;
			hasScannedForEncodings = 0;
			knownRegions = (
				en,
				Base,
			);
			mainGroup = 0E8B95FF1C5B1873009F3025;
			productRefGroup = 0E8B96091C5B1873009F3025 /* Products */;
			projectDirPath = "";
			projectRoot = "";
			targets = (
				0E8B96071C5B1873009F3025 /* Charter */,
				0EE823041C674BE8005070AC /* CharterUITests */,
				0E8975E71C77BC5900ECFEA4 /* CharterTests */,
			);
		};
/* End PBXProject section */

/* Begin PBXResourcesBuildPhase section */
		0E8975E61C77BC5900ECFEA4 /* Resources */ = {
			isa = PBXResourcesBuildPhase;
			buildActionMask = 2147483647;
			files = (
				0E8976321C791AEE00ECFEA4 /* EmailInvalid.json in Resources */,
				0E89760C1C781F7900ECFEA4 /* PreexistingEmail1.json in Resources */,
				0E89760A1C781A5600ECFEA4 /* MemberEmail.json in Resources */,
				0E89760E1C781F8F00ECFEA4 /* PreexistingEmail2.json in Resources */,
				0E8976131C78208200ECFEA4 /* PreexistingEmail3.json in Resources */,
				0E8976351C791B8B00ECFEA4 /* EmailValidButPartial.json in Resources */,
				0E8976071C7804F100ECFEA4 /* RootEmail.json in Resources */,
				0E8976121C781FB700ECFEA4 /* PreexistingEmail4.json in Resources */,
				0E89762F1C79146700ECFEA4 /* EmailThreadResponse.json in Resources */,
			);
			runOnlyForDeploymentPostprocessing = 0;
		};
		0E8B96061C5B1873009F3025 /* Resources */ = {
			isa = PBXResourcesBuildPhase;
			buildActionMask = 2147483647;
			files = (
				0E0B36F21C6E701900DF9995 /* Info.plist in Resources */,
				0E0B36F71C6E701900DF9995 /* Message-2 in Resources */,
				0E0B36FF1C6E701900DF9995 /* ThreadsViewController.xib in Resources */,
				0E0B36F91C6E701900DF9995 /* MessagePreviewTableViewCell.xib in Resources */,
				0E0B36F11C6E701900DF9995 /* FullEmailMessageTableViewCell.xib in Resources */,
				0E0B36F51C6E701900DF9995 /* MailingListViewController.xib in Resources */,
				0E0B36FD1C6E701900DF9995 /* ThreadDetailViewController.xib in Resources */,
				0E0B36EA1C6E701900DF9995 /* Assets.xcassets in Resources */,
				0E0B36F61C6E701900DF9995 /* Message-1 in Resources */,
				0E8976211C78FE8600ECFEA4 /* Credentials.plist in Resources */,
				0E0B36EB1C6E701900DF9995 /* LaunchScreen.storyboard in Resources */,
				0E0B36FB1C6E701900DF9995 /* NoThreadsTableViewCell.xib in Resources */,
			);
			runOnlyForDeploymentPostprocessing = 0;
		};
		0EE823031C674BE8005070AC /* Resources */ = {
			isa = PBXResourcesBuildPhase;
			buildActionMask = 2147483647;
			files = (
			);
			runOnlyForDeploymentPostprocessing = 0;
		};
/* End PBXResourcesBuildPhase section */

/* Begin PBXShellScriptBuildPhase section */
		8E2012A48AD0AF84D8B62274 /* Embed Pods Frameworks */ = {
			isa = PBXShellScriptBuildPhase;
			buildActionMask = 2147483647;
			files = (
			);
			inputPaths = (
			);
			name = "Embed Pods Frameworks";
			outputPaths = (
			);
			runOnlyForDeploymentPostprocessing = 0;
			shellPath = /bin/sh;
			shellScript = "\"${SRCROOT}/Pods/Target Support Files/Pods-Charter/Pods-Charter-frameworks.sh\"\n";
			showEnvVarsInLog = 0;
		};
		A1C2CB1A709F215E604B0954 /* Check Pods Manifest.lock */ = {
			isa = PBXShellScriptBuildPhase;
			buildActionMask = 2147483647;
			files = (
			);
			inputPaths = (
			);
			name = "Check Pods Manifest.lock";
			outputPaths = (
			);
			runOnlyForDeploymentPostprocessing = 0;
			shellPath = /bin/sh;
			shellScript = "diff \"${PODS_ROOT}/../Podfile.lock\" \"${PODS_ROOT}/Manifest.lock\" > /dev/null\nif [[ $? != 0 ]] ; then\n    cat << EOM\nerror: The sandbox is not in sync with the Podfile.lock. Run 'pod install' or update your CocoaPods installation.\nEOM\n    exit 1\nfi\n";
			showEnvVarsInLog = 0;
		};
		BADA125D0CB29D27F53F6B88 /* Copy Pods Resources */ = {
			isa = PBXShellScriptBuildPhase;
			buildActionMask = 2147483647;
			files = (
			);
			inputPaths = (
			);
			name = "Copy Pods Resources";
			outputPaths = (
			);
			runOnlyForDeploymentPostprocessing = 0;
			shellPath = /bin/sh;
			shellScript = "\"${SRCROOT}/Pods/Target Support Files/Pods-Charter/Pods-Charter-resources.sh\"\n";
			showEnvVarsInLog = 0;
		};
/* End PBXShellScriptBuildPhase section */

/* Begin PBXSourcesBuildPhase section */
		0E8975E41C77BC5900ECFEA4 /* Sources */ = {
			isa = PBXSourcesBuildPhase;
			buildActionMask = 2147483647;
			files = (
				0E8976041C7803B500ECFEA4 /* EmailTest.swift in Sources */,
				0E8976271C78FEC600ECFEA4 /* EmailThreadNetworkDataSourceImplTest.swift in Sources */,
				0E89762E1C790E0D00ECFEA4 /* EmailThreadRequestBuilderTest.swift in Sources */,
				0E8975F31C77BC8900ECFEA4 /* EmailThreadServiceImplTest.swift in Sources */,
			);
			runOnlyForDeploymentPostprocessing = 0;
		};
		0E8B96041C5B1873009F3025 /* Sources */ = {
			isa = PBXSourcesBuildPhase;
			buildActionMask = 2147483647;
			files = (
				0E8976221C78FE8600ECFEA4 /* EmailThreadNetworkDataSourceImpl.swift in Sources */,
				0E0B36FE1C6E701900DF9995 /* ThreadsViewController.swift in Sources */,
				0E0B36E71C6E701900DF9995 /* AppDelegate.swift in Sources */,
				0E0B36ED1C6E701900DF9995 /* EmailCollapsibleTextViewDataSource.swift in Sources */,
				0E89762A1C79012A00ECFEA4 /* Either.swift in Sources */,
				0E89761B1C78FE2B00ECFEA4 /* EmailThreadRequest.swift in Sources */,
				0E0B36FC1C6E701900DF9995 /* ThreadDetailViewController.swift in Sources */,
				0E0B36FA1C6E701900DF9995 /* NoThreadsTableViewCell.swift in Sources */,
				0E0B36E91C6E701900DF9995 /* AppState.swift in Sources */,
				0E8975E11C77BC2F00ECFEA4 /* EmailThreadService.swift in Sources */,
				0E0B36F01C6E701900DF9995 /* FullEmailMessageTableViewCell.swift in Sources */,
				0E0B36F31C6E701900DF9995 /* MailingList.swift in Sources */,
				0E0B36E61C6E701900DF9995 /* AppCoordinator.swift in Sources */,
				0E0B36EF1C6E701900DF9995 /* EmailTree.swift in Sources */,
				0E0B36F81C6E701900DF9995 /* MessagePreviewTableViewCell.swift in Sources */,
				0E8976031C7803AD00ECFEA4 /* Email.swift in Sources */,
				0E89762C1C790DDD00ECFEA4 /* EmailThreadRequestBuilder.swift in Sources */,
				0E0B36E81C6E701900DF9995 /* AppReducer.swift in Sources */,
				0E8976261C78FEB500ECFEA4 /* EmailThreadServiceDataSources.swift in Sources */,
				0E0B36F41C6E701900DF9995 /* MailingListViewController.swift in Sources */,
				0E0B36E51C6E701900DF9995 /* Actions.swift in Sources */,
			);
			runOnlyForDeploymentPostprocessing = 0;
		};
		0EE823011C674BE8005070AC /* Sources */ = {
			isa = PBXSourcesBuildPhase;
			buildActionMask = 2147483647;
			files = (
				0E8975D31C77023A00ECFEA4 /* SnapshotHelper.swift in Sources */,
			);
			runOnlyForDeploymentPostprocessing = 0;
		};
/* End PBXSourcesBuildPhase section */

/* Begin PBXTargetDependency section */
		0E8975EE1C77BC5900ECFEA4 /* PBXTargetDependency */ = {
			isa = PBXTargetDependency;
			target = 0E8B96071C5B1873009F3025 /* Charter */;
			targetProxy = 0E8975ED1C77BC5900ECFEA4 /* PBXContainerItemProxy */;
		};
		0EE8230B1C674BE8005070AC /* PBXTargetDependency */ = {
			isa = PBXTargetDependency;
			target = 0E8B96071C5B1873009F3025 /* Charter */;
			targetProxy = 0EE8230A1C674BE8005070AC /* PBXContainerItemProxy */;
		};
/* End PBXTargetDependency section */

/* Begin PBXVariantGroup section */
		0E0B36CE1C6E701900DF9995 /* LaunchScreen.storyboard */ = {
			isa = PBXVariantGroup;
			children = (
				0E0B36CF1C6E701900DF9995 /* Base */,
			);
			name = LaunchScreen.storyboard;
			sourceTree = "<group>";
		};
/* End PBXVariantGroup section */

/* Begin XCBuildConfiguration section */
		0E8975F01C77BC5900ECFEA4 /* Debug */ = {
			isa = XCBuildConfiguration;
			buildSettings = {
				BUNDLE_LOADER = "$(TEST_HOST)";
				INFOPLIST_FILE = CharterTests/Info.plist;
				LD_RUNPATH_SEARCH_PATHS = "$(inherited) @executable_path/Frameworks @loader_path/Frameworks";
				PRODUCT_BUNDLE_IDENTIFIER = net.matthewpalmer.CharterTests;
				PRODUCT_NAME = "$(TARGET_NAME)";
				TEST_HOST = "$(BUILT_PRODUCTS_DIR)/Charter.app/Charter";
			};
			name = Debug;
		};
		0E8975F11C77BC5900ECFEA4 /* Release */ = {
			isa = XCBuildConfiguration;
			buildSettings = {
				BUNDLE_LOADER = "$(TEST_HOST)";
				INFOPLIST_FILE = CharterTests/Info.plist;
				LD_RUNPATH_SEARCH_PATHS = "$(inherited) @executable_path/Frameworks @loader_path/Frameworks";
				PRODUCT_BUNDLE_IDENTIFIER = net.matthewpalmer.CharterTests;
				PRODUCT_NAME = "$(TARGET_NAME)";
				TEST_HOST = "$(BUILT_PRODUCTS_DIR)/Charter.app/Charter";
			};
			name = Release;
		};
		0E8B96181C5B1873009F3025 /* Debug */ = {
			isa = XCBuildConfiguration;
			buildSettings = {
				ALWAYS_SEARCH_USER_PATHS = NO;
				CLANG_CXX_LANGUAGE_STANDARD = "gnu++0x";
				CLANG_CXX_LIBRARY = "libc++";
				CLANG_ENABLE_MODULES = YES;
				CLANG_ENABLE_OBJC_ARC = YES;
				CLANG_WARN_BOOL_CONVERSION = YES;
				CLANG_WARN_CONSTANT_CONVERSION = YES;
				CLANG_WARN_DIRECT_OBJC_ISA_USAGE = YES_ERROR;
				CLANG_WARN_EMPTY_BODY = YES;
				CLANG_WARN_ENUM_CONVERSION = YES;
				CLANG_WARN_INT_CONVERSION = YES;
				CLANG_WARN_OBJC_ROOT_CLASS = YES_ERROR;
				CLANG_WARN_UNREACHABLE_CODE = YES;
				CLANG_WARN__DUPLICATE_METHOD_MATCH = YES;
				"CODE_SIGN_IDENTITY[sdk=iphoneos*]" = "iPhone Developer";
				COPY_PHASE_STRIP = NO;
				DEBUG_INFORMATION_FORMAT = dwarf;
				ENABLE_STRICT_OBJC_MSGSEND = YES;
				ENABLE_TESTABILITY = YES;
				GCC_C_LANGUAGE_STANDARD = gnu99;
				GCC_DYNAMIC_NO_PIC = NO;
				GCC_NO_COMMON_BLOCKS = YES;
				GCC_OPTIMIZATION_LEVEL = 0;
				GCC_PREPROCESSOR_DEFINITIONS = (
					"DEBUG=1",
					"$(inherited)",
				);
				GCC_WARN_64_TO_32_BIT_CONVERSION = YES;
				GCC_WARN_ABOUT_RETURN_TYPE = YES_ERROR;
				GCC_WARN_UNDECLARED_SELECTOR = YES;
				GCC_WARN_UNINITIALIZED_AUTOS = YES_AGGRESSIVE;
				GCC_WARN_UNUSED_FUNCTION = YES;
				GCC_WARN_UNUSED_VARIABLE = YES;
				IPHONEOS_DEPLOYMENT_TARGET = 9.2;
				MTL_ENABLE_DEBUG_INFO = YES;
				ONLY_ACTIVE_ARCH = YES;
				SDKROOT = iphoneos;
				SWIFT_OPTIMIZATION_LEVEL = "-Onone";
				TARGETED_DEVICE_FAMILY = "1,2";
			};
			name = Debug;
		};
		0E8B96191C5B1873009F3025 /* Release */ = {
			isa = XCBuildConfiguration;
			buildSettings = {
				ALWAYS_SEARCH_USER_PATHS = NO;
				CLANG_CXX_LANGUAGE_STANDARD = "gnu++0x";
				CLANG_CXX_LIBRARY = "libc++";
				CLANG_ENABLE_MODULES = YES;
				CLANG_ENABLE_OBJC_ARC = YES;
				CLANG_WARN_BOOL_CONVERSION = YES;
				CLANG_WARN_CONSTANT_CONVERSION = YES;
				CLANG_WARN_DIRECT_OBJC_ISA_USAGE = YES_ERROR;
				CLANG_WARN_EMPTY_BODY = YES;
				CLANG_WARN_ENUM_CONVERSION = YES;
				CLANG_WARN_INT_CONVERSION = YES;
				CLANG_WARN_OBJC_ROOT_CLASS = YES_ERROR;
				CLANG_WARN_UNREACHABLE_CODE = YES;
				CLANG_WARN__DUPLICATE_METHOD_MATCH = YES;
				"CODE_SIGN_IDENTITY[sdk=iphoneos*]" = "iPhone Developer";
				COPY_PHASE_STRIP = NO;
				DEBUG_INFORMATION_FORMAT = "dwarf-with-dsym";
				ENABLE_NS_ASSERTIONS = NO;
				ENABLE_STRICT_OBJC_MSGSEND = YES;
				GCC_C_LANGUAGE_STANDARD = gnu99;
				GCC_NO_COMMON_BLOCKS = YES;
				GCC_WARN_64_TO_32_BIT_CONVERSION = YES;
				GCC_WARN_ABOUT_RETURN_TYPE = YES_ERROR;
				GCC_WARN_UNDECLARED_SELECTOR = YES;
				GCC_WARN_UNINITIALIZED_AUTOS = YES_AGGRESSIVE;
				GCC_WARN_UNUSED_FUNCTION = YES;
				GCC_WARN_UNUSED_VARIABLE = YES;
				IPHONEOS_DEPLOYMENT_TARGET = 9.2;
				MTL_ENABLE_DEBUG_INFO = NO;
				SDKROOT = iphoneos;
				TARGETED_DEVICE_FAMILY = "1,2";
				VALIDATE_PRODUCT = YES;
			};
			name = Release;
		};
		0E8B961B1C5B1873009F3025 /* Debug */ = {
			isa = XCBuildConfiguration;
			baseConfigurationReference = 1D429F569C69C6E0148D0A7C /* Pods-Charter.debug.xcconfig */;
			buildSettings = {
				ASSETCATALOG_COMPILER_APPICON_NAME = AppIcon;
				CODE_SIGN_IDENTITY = "iPhone Developer";
				INFOPLIST_FILE = Charter/Info.plist;
				LD_RUNPATH_SEARCH_PATHS = "$(inherited) @executable_path/Frameworks";
				PRODUCT_BUNDLE_IDENTIFIER = net.matthewpalmer.Charter;
				PRODUCT_NAME = Charter;
				SWIFT_OBJC_BRIDGING_HEADER = "Charter/SML-Bridging-Header.h";
			};
			name = Debug;
		};
		0E8B961C1C5B1873009F3025 /* Release */ = {
			isa = XCBuildConfiguration;
			baseConfigurationReference = 04791EF6784CA91D405E69D8 /* Pods-Charter.release.xcconfig */;
			buildSettings = {
				ASSETCATALOG_COMPILER_APPICON_NAME = AppIcon;
				CODE_SIGN_IDENTITY = "iPhone Developer";
				INFOPLIST_FILE = Charter/Info.plist;
				LD_RUNPATH_SEARCH_PATHS = "$(inherited) @executable_path/Frameworks";
				PRODUCT_BUNDLE_IDENTIFIER = net.matthewpalmer.Charter;
				PRODUCT_NAME = Charter;
				SWIFT_OBJC_BRIDGING_HEADER = "Charter/SML-Bridging-Header.h";
			};
			name = Release;
		};
		0EE8230D1C674BE8005070AC /* Debug */ = {
			isa = XCBuildConfiguration;
			buildSettings = {
				CLANG_ENABLE_MODULES = YES;
				INFOPLIST_FILE = CharterUITests/Info.plist;
				LD_RUNPATH_SEARCH_PATHS = "$(inherited) @executable_path/Frameworks @loader_path/Frameworks";
				PRODUCT_BUNDLE_IDENTIFIER = net.matthewpalmer.CharterUITests;
				PRODUCT_NAME = "$(TARGET_NAME)";
				SWIFT_OPTIMIZATION_LEVEL = "-Onone";
				TEST_TARGET_NAME = Charter;
				USES_XCTRUNNER = YES;
			};
			name = Debug;
		};
		0EE8230E1C674BE8005070AC /* Release */ = {
			isa = XCBuildConfiguration;
			buildSettings = {
				CLANG_ENABLE_MODULES = YES;
				INFOPLIST_FILE = CharterUITests/Info.plist;
				LD_RUNPATH_SEARCH_PATHS = "$(inherited) @executable_path/Frameworks @loader_path/Frameworks";
				PRODUCT_BUNDLE_IDENTIFIER = net.matthewpalmer.CharterUITests;
				PRODUCT_NAME = "$(TARGET_NAME)";
				TEST_TARGET_NAME = Charter;
				USES_XCTRUNNER = YES;
			};
			name = Release;
		};
/* End XCBuildConfiguration section */

/* Begin XCConfigurationList section */
		0E8975EF1C77BC5900ECFEA4 /* Build configuration list for PBXNativeTarget "CharterTests" */ = {
			isa = XCConfigurationList;
			buildConfigurations = (
				0E8975F01C77BC5900ECFEA4 /* Debug */,
				0E8975F11C77BC5900ECFEA4 /* Release */,
			);
			defaultConfigurationIsVisible = 0;
			defaultConfigurationName = Release;
		};
		0E8B96031C5B1873009F3025 /* Build configuration list for PBXProject "Charter" */ = {
			isa = XCConfigurationList;
			buildConfigurations = (
				0E8B96181C5B1873009F3025 /* Debug */,
				0E8B96191C5B1873009F3025 /* Release */,
			);
			defaultConfigurationIsVisible = 0;
			defaultConfigurationName = Release;
		};
		0E8B961A1C5B1873009F3025 /* Build configuration list for PBXNativeTarget "Charter" */ = {
			isa = XCConfigurationList;
			buildConfigurations = (
				0E8B961B1C5B1873009F3025 /* Debug */,
				0E8B961C1C5B1873009F3025 /* Release */,
			);
			defaultConfigurationIsVisible = 0;
			defaultConfigurationName = Release;
		};
		0EE8230C1C674BE8005070AC /* Build configuration list for PBXNativeTarget "CharterUITests" */ = {
			isa = XCConfigurationList;
			buildConfigurations = (
				0EE8230D1C674BE8005070AC /* Debug */,
				0EE8230E1C674BE8005070AC /* Release */,
			);
			defaultConfigurationIsVisible = 0;
			defaultConfigurationName = Release;
		};
/* End XCConfigurationList section */
	};
	rootObject = 0E8B96001C5B1873009F3025 /* Project object */;
}
